
Microsoft Visual Studio Solution File, Format Version 12.00
# Visual Studio Version 16
VisualStudioVersion = 16.0.31105.61
MinimumVisualStudioVersion = 10.0.40219.1
Project("{FAE04EC0-301F-11D3-BF4B-00C04F79EFBC}") = "tx-mvc-forms-deploy", "tx-mvc-forms-deploy.csproj", "{48FFFD9B-8C1A-48C0-BDB9-6860A1E2379A}"
EndProject
Global
	GlobalSection(SolutionConfigurationPlatforms) = preSolution
		Debug|Any CPU = Debug|Any CPU
		Release|Any CPU = Release|Any CPU
	EndGlobalSection
	GlobalSection(ProjectConfigurationPlatforms) = postSolution
		{48FFFD9B-8C1A-48C0-BDB9-6860A1E2379A}.Debug|Any CPU.ActiveCfg = Debug|Any CPU
		{48FFFD9B-8C1A-48C0-BDB9-6860A1E2379A}.Debug|Any CPU.Build.0 = Debug|Any CPU
		{48FFFD9B-8C1A-48C0-BDB9-6860A1E2379A}.Release|Any CPU.ActiveCfg = Release|Any CPU
		{48FFFD9B-8C1A-48C0-BDB9-6860A1E2379A}.Release|Any CPU.Build.0 = Release|Any CPU
	EndGlobalSection
	GlobalSection(SolutionProperties) = preSolution
		HideSolutionNode = FALSE
	EndGlobalSection
	GlobalSection(ExtensibilityGlobals) = postSolution
		SolutionGuid = {B63385F6-6DB8-4934-B033-E37E790B4BF7}
	EndGlobalSection
EndGlobal
